
Microsoft Visual Studio Solution File, Format Version 12.00
# Visual Studio Version 16
VisualStudioVersion = 16.0.30621.155
MinimumVisualStudioVersion = 10.0.40219.1
Project("{FAE04EC0-301F-11D3-BF4B-00C04F79EFBC}") = "Challenge_One_Console", "CafaMenu.Console\Challenge_One_Console.csproj", "{096AECB8-06CE-421C-8324-1C7B4400A95C}"
EndProject
Project("{FAE04EC0-301F-11D3-BF4B-00C04F79EFBC}") = "Challenge_One_Repository", "CafeMenu.Repository\Challenge_One_Repository.csproj", "{CE8B5139-05FD-42A6-9BF8-7ECF44B73FD6}"
EndProject
Project("{FAE04EC0-301F-11D3-BF4B-00C04F79EFBC}") = "Challenge_One_Tests", "CafeMenu.Tests\Challenge_One_Tests.csproj", "{93701C44-DFEE-4236-AE87-941FB1A59C14}"
EndProject
Global
	GlobalSection(SolutionConfigurationPlatforms) = preSolution
		Debug|Any CPU = Debug|Any CPU
		Release|Any CPU = Release|Any CPU
	EndGlobalSection
	GlobalSection(ProjectConfigurationPlatforms) = postSolution
		{096AECB8-06CE-421C-8324-1C7B4400A95C}.Debug|Any CPU.ActiveCfg = Debug|Any CPU
		{096AECB8-06CE-421C-8324-1C7B4400A95C}.Debug|Any CPU.Build.0 = Debug|Any CPU
		{096AECB8-06CE-421C-8324-1C7B4400A95C}.Release|Any CPU.ActiveCfg = Release|Any CPU
		{096AECB8-06CE-421C-8324-1C7B4400A95C}.Release|Any CPU.Build.0 = Release|Any CPU
		{CE8B5139-05FD-42A6-9BF8-7ECF44B73FD6}.Debug|Any CPU.ActiveCfg = Debug|Any CPU
		{CE8B5139-05FD-42A6-9BF8-7ECF44B73FD6}.Debug|Any CPU.Build.0 = Debug|Any CPU
		{CE8B5139-05FD-42A6-9BF8-7ECF44B73FD6}.Release|Any CPU.ActiveCfg = Release|Any CPU
		{CE8B5139-05FD-42A6-9BF8-7ECF44B73FD6}.Release|Any CPU.Build.0 = Release|Any CPU
		{93701C44-DFEE-4236-AE87-941FB1A59C14}.Debug|Any CPU.ActiveCfg = Debug|Any CPU
		{93701C44-DFEE-4236-AE87-941FB1A59C14}.Debug|Any CPU.Build.0 = Debug|Any CPU
		{93701C44-DFEE-4236-AE87-941FB1A59C14}.Release|Any CPU.ActiveCfg = Release|Any CPU
		{93701C44-DFEE-4236-AE87-941FB1A59C14}.Release|Any CPU.Build.0 = Release|Any CPU
	EndGlobalSection
	GlobalSection(SolutionProperties) = preSolution
		HideSolutionNode = FALSE
	EndGlobalSection
	GlobalSection(ExtensibilityGlobals) = postSolution
		SolutionGuid = {5F95B736-DDCB-47BA-95DE-EBA98E5A68CE}
	EndGlobalSection
EndGlobal
